
Microsoft Visual Studio Solution File, Format Version 12.00
# Visual Studio Version 17
VisualStudioVersion = 17.11.35312.102
MinimumVisualStudioVersion = 10.0.40219.1
Project("{FAE04EC0-301F-11D3-BF4B-00C04F79EFBC}") = "fishing", "fishing\fishing.csproj", "{5D2E51FA-31C4-42E7-9771-3B37917969D3}"
EndProject
Global
	GlobalSection(SolutionConfigurationPlatforms) = preSolution
		Debug|Any CPU = Debug|Any CPU
		Release|Any CPU = Release|Any CPU
	EndGlobalSection
	GlobalSection(ProjectConfigurationPlatforms) = postSolution
		{5D2E51FA-31C4-42E7-9771-3B37917969D3}.Debug|Any CPU.ActiveCfg = Debug|Any CPU
		{5D2E51FA-31C4-42E7-9771-3B37917969D3}.Debug|Any CPU.Build.0 = Debug|Any CPU
		{5D2E51FA-31C4-42E7-9771-3B37917969D3}.Release|Any CPU.ActiveCfg = Release|Any CPU
		{5D2E51FA-31C4-42E7-9771-3B37917969D3}.Release|Any CPU.Build.0 = Release|Any CPU
	EndGlobalSection
	GlobalSection(SolutionProperties) = preSolution
		HideSolutionNode = FALSE
	EndGlobalSection
	GlobalSection(ExtensibilityGlobals) = postSolution
		SolutionGuid = {0870D2FE-D812-4EED-8577-A0F577056AD0}
	EndGlobalSection
EndGlobal
